
Microsoft Visual Studio Solution File, Format Version 12.00
# Visual Studio Version 16
VisualStudioVersion = 16.0.32126.315
MinimumVisualStudioVersion = 10.0.40219.1
Project("{FAE04EC0-301F-11D3-BF4B-00C04F79EFBC}") = "lab4_ContactTracer", "lab4_ContactTracer.csproj", "{5568311D-3424-464D-B6EA-8D32F3CC4813}"
EndProject
Global
	GlobalSection(SolutionConfigurationPlatforms) = preSolution
		Debug|Any CPU = Debug|Any CPU
		Release|Any CPU = Release|Any CPU
	EndGlobalSection
	GlobalSection(ProjectConfigurationPlatforms) = postSolution
		{5568311D-3424-464D-B6EA-8D32F3CC4813}.Debug|Any CPU.ActiveCfg = Debug|Any CPU
		{5568311D-3424-464D-B6EA-8D32F3CC4813}.Debug|Any CPU.Build.0 = Debug|Any CPU
		{5568311D-3424-464D-B6EA-8D32F3CC4813}.Release|Any CPU.ActiveCfg = Release|Any CPU
		{5568311D-3424-464D-B6EA-8D32F3CC4813}.Release|Any CPU.Build.0 = Release|Any CPU
	EndGlobalSection
	GlobalSection(SolutionProperties) = preSolution
		HideSolutionNode = FALSE
	EndGlobalSection
	GlobalSection(ExtensibilityGlobals) = postSolution
		SolutionGuid = {53FC8A2F-FE97-4CC2-A017-8FCAB3B021F7}
	EndGlobalSection
EndGlobal
